
Microsoft Visual Studio Solution File, Format Version 12.00
# Visual Studio 15
VisualStudioVersion = 15.0.27428.2027
MinimumVisualStudioVersion = 10.0.40219.1
Project("{FAE04EC0-301F-11D3-BF4B-00C04F79EFBC}") = "CI", "WindowsFormsApp2\CI.csproj", "{B82F17C3-F80A-4E28-9EC2-66F90E4D0263}"
EndProject
Global
	GlobalSection(SolutionConfigurationPlatforms) = preSolution
		Debug|Any CPU = Debug|Any CPU
		Release|Any CPU = Release|Any CPU
	EndGlobalSection
	GlobalSection(ProjectConfigurationPlatforms) = postSolution
		{B82F17C3-F80A-4E28-9EC2-66F90E4D0263}.Debug|Any CPU.ActiveCfg = Debug|Any CPU
		{B82F17C3-F80A-4E28-9EC2-66F90E4D0263}.Debug|Any CPU.Build.0 = Debug|Any CPU
		{B82F17C3-F80A-4E28-9EC2-66F90E4D0263}.Release|Any CPU.ActiveCfg = Release|Any CPU
		{B82F17C3-F80A-4E28-9EC2-66F90E4D0263}.Release|Any CPU.Build.0 = Release|Any CPU
	EndGlobalSection
	GlobalSection(SolutionProperties) = preSolution
		HideSolutionNode = FALSE
	EndGlobalSection
	GlobalSection(ExtensibilityGlobals) = postSolution
		SolutionGuid = {068F2C19-C01F-4B82-8DC0-8094B25CC190}
	EndGlobalSection
EndGlobal
